
Microsoft Visual Studio Solution File, Format Version 12.00
# Visual Studio Version 16
VisualStudioVersion = 16.0.29503.13
MinimumVisualStudioVersion = 10.0.40219.1
Project("{FAE04EC0-301F-11D3-BF4B-00C04F79EFBC}") = "RenameSheet", "RenameSheet.csproj", "{AEB0B09E-5FB9-4D8C-A910-0D7DCD183F20}"
EndProject
Global
	GlobalSection(SolutionConfigurationPlatforms) = preSolution
		Debug|Any CPU = Debug|Any CPU
		Release|Any CPU = Release|Any CPU
	EndGlobalSection
	GlobalSection(ProjectConfigurationPlatforms) = postSolution
		{AEB0B09E-5FB9-4D8C-A910-0D7DCD183F20}.Debug|Any CPU.ActiveCfg = Debug|Any CPU
		{AEB0B09E-5FB9-4D8C-A910-0D7DCD183F20}.Debug|Any CPU.Build.0 = Debug|Any CPU
		{AEB0B09E-5FB9-4D8C-A910-0D7DCD183F20}.Release|Any CPU.ActiveCfg = Release|Any CPU
		{AEB0B09E-5FB9-4D8C-A910-0D7DCD183F20}.Release|Any CPU.Build.0 = Release|Any CPU
	EndGlobalSection
	GlobalSection(SolutionProperties) = preSolution
		HideSolutionNode = FALSE
	EndGlobalSection
	GlobalSection(ExtensibilityGlobals) = postSolution
		SolutionGuid = {901825DB-BB27-4687-A977-7FE20F97A939}
	EndGlobalSection
EndGlobal
